
Microsoft Visual Studio Solution File, Format Version 12.00
# 
Project("{FAE04EC0-301F-11D3-BF4B-00C04F79EFBC}") = "DocArhive", "DocArhive.csproj", "{C3F5432C-468C-45ED-982D-AD0DCEEBE4A9}"
EndProject
Project("{FAE04EC0-301F-11D3-BF4B-00C04F79EFBC}") = "DocArhive.Tests", "DocArhive.Tests\DocArhive.Tests.csproj", "{0E2DD769-DE6B-44AF-B237-D02B4D0BC138}"
EndProject
Global
	GlobalSection(SolutionConfigurationPlatforms) = preSolution
		Debug|Any CPU = Debug|Any CPU
		Release|Any CPU = Release|Any CPU
	EndGlobalSection
	GlobalSection(ProjectConfigurationPlatforms) = postSolution
		{C3F5432C-468C-45ED-982D-AD0DCEEBE4A9}.Debug|Any CPU.ActiveCfg = Debug|Any CPU
		{C3F5432C-468C-45ED-982D-AD0DCEEBE4A9}.Debug|Any CPU.Build.0 = Debug|Any CPU
		{C3F5432C-468C-45ED-982D-AD0DCEEBE4A9}.Release|Any CPU.ActiveCfg = Release|Any CPU
		{C3F5432C-468C-45ED-982D-AD0DCEEBE4A9}.Release|Any CPU.Build.0 = Release|Any CPU
		{0E2DD769-DE6B-44AF-B237-D02B4D0BC138}.Debug|Any CPU.ActiveCfg = Debug|Any CPU
		{0E2DD769-DE6B-44AF-B237-D02B4D0BC138}.Debug|Any CPU.Build.0 = Debug|Any CPU
		{0E2DD769-DE6B-44AF-B237-D02B4D0BC138}.Release|Any CPU.ActiveCfg = Release|Any CPU
		{0E2DD769-DE6B-44AF-B237-D02B4D0BC138}.Release|Any CPU.Build.0 = Release|Any CPU
	EndGlobalSection
EndGlobal
